// !$*UTF8*$!
{
	archiveVersion = 1;
	classes = {
	};
	objectVersion = 50;
	objects = {

/* Begin PBXBuildFile section */
		CC56FB55239F4D08004FF1D6 /* MainModuleDestinationType.swift in Sources */ = {isa = PBXBuildFile; fileRef = CC56FB54239F4D08004FF1D6 /* MainModuleDestinationType.swift */; };
		CC7D411C2359A82100BC57D7 /* ModuleTargets.h in Headers */ = {isa = PBXBuildFile; fileRef = CC7D411A2359A82100BC57D7 /* ModuleTargets.h */; settings = {ATTRIBUTES = (Public, ); }; };
		CC7D41312359A8A200BC57D7 /* MMBMouduleDestinationType.swift in Sources */ = {isa = PBXBuildFile; fileRef = CC7D412C2359A8A200BC57D7 /* MMBMouduleDestinationType.swift */; };
		CC7D41332359A8A200BC57D7 /* OLCIMouduleDestinationType.swift in Sources */ = {isa = PBXBuildFile; fileRef = CC7D412E2359A8A200BC57D7 /* OLCIMouduleDestinationType.swift */; };
		CC7D413B2359A8D500BC57D7 /* AppCore.framework in Frameworks */ = {isa = PBXBuildFile; fileRef = CC7D413A2359A8D000BC57D7 /* AppCore.framework */; };
/* End PBXBuildFile section */

/* Begin PBXContainerItemProxy section */
		CC7D41392359A8D000BC57D7 /* PBXContainerItemProxy */ = {
			isa = PBXContainerItemProxy;
			containerPortal = CC7D41352359A8D000BC57D7 /* AppCore.xcodeproj */;
			proxyType = 2;
			remoteGlobalIDString = CC7987C32355CF9B00E13A1C;
			remoteInfo = AppCore;
		};
/* End PBXContainerItemProxy section */

/* Begin PBXFileReference section */
		CC56FB54239F4D08004FF1D6 /* MainModuleDestinationType.swift */ = {isa = PBXFileReference; lastKnownFileType = sourcecode.swift; path = MainModuleDestinationType.swift; sourceTree = "<group>"; };
		CC7D41172359A82100BC57D7 /* Router.framework */ = {isa = PBXFileReference; explicitFileType = wrapper.framework; includeInIndex = 0; path = Router.framework; sourceTree = BUILT_PRODUCTS_DIR; };
		CC7D411A2359A82100BC57D7 /* ModuleTargets.h */ = {isa = PBXFileReference; lastKnownFileType = sourcecode.c.h; path = ModuleTargets.h; sourceTree = "<group>"; };
		CC7D411B2359A82100BC57D7 /* Info.plist */ = {isa = PBXFileReference; lastKnownFileType = text.plist.xml; path = Info.plist; sourceTree = "<group>"; };
		CC7D412C2359A8A200BC57D7 /* MMBMouduleDestinationType.swift */ = {isa = PBXFileReference; fileEncoding = 4; lastKnownFileType = sourcecode.swift; path = MMBMouduleDestinationType.swift; sourceTree = "<group>"; };
		CC7D412E2359A8A200BC57D7 /* OLCIMouduleDestinationType.swift */ = {isa = PBXFileReference; fileEncoding = 4; lastKnownFileType = sourcecode.swift; path = OLCIMouduleDestinationType.swift; sourceTree = "<group>"; };
		CC7D41352359A8D000BC57D7 /* AppCore.xcodeproj */ = {isa = PBXFileReference; lastKnownFileType = "wrapper.pb-project"; name = AppCore.xcodeproj; path = ../AppCore/AppCore.xcodeproj; sourceTree = "<group>"; };
/* End PBXFileReference section */

/* Begin PBXFrameworksBuildPhase section */
		CC7D41142359A82100BC57D7 /* Frameworks */ = {
			isa = PBXFrameworksBuildPhase;
			buildActionMask = 2147483647;
			files = (
				CC7D413B2359A8D500BC57D7 /* AppCore.framework in Frameworks */,
			);
			runOnlyForDeploymentPostprocessing = 0;
		};
/* End PBXFrameworksBuildPhase section */

/* Begin PBXGroup section */
		CC7D410D2359A82100BC57D7 = {
			isa = PBXGroup;
			children = (
				CC7D41192359A82100BC57D7 /* Router */,
				CC7D41182359A82100BC57D7 /* Products */,
				CC7D41342359A8D000BC57D7 /* Frameworks */,
			);
			sourceTree = "<group>";
		};
		CC7D41182359A82100BC57D7 /* Products */ = {
			isa = PBXGroup;
			children = (
				CC7D41172359A82100BC57D7 /* Router.framework */,
			);
			name = Products;
			sourceTree = "<group>";
		};
		CC7D41192359A82100BC57D7 /* Router */ = {
			isa = PBXGroup;
			children = (
				CC7D412B2359A8A200BC57D7 /* MouduleDestinationType */,
				CC7D411A2359A82100BC57D7 /* ModuleTargets.h */,
				CC7D411B2359A82100BC57D7 /* Info.plist */,
			);
			path = Router;
			sourceTree = "<group>";
		};
		CC7D412B2359A8A200BC57D7 /* MouduleDestinationType */ = {
			isa = PBXGroup;
			children = (
				CC7D412C2359A8A200BC57D7 /* MMBMouduleDestinationType.swift */,
				CC7D412E2359A8A200BC57D7 /* OLCIMouduleDestinationType.swift */,
				CC56FB54239F4D08004FF1D6 /* MainModuleDestinationType.swift */,
			);
			path = MouduleDestinationType;
			sourceTree = "<group>";
		};
		CC7D41342359A8D000BC57D7 /* Frameworks */ = {
			isa = PBXGroup;
			children = (
				CC7D41352359A8D000BC57D7 /* AppCore.xcodeproj */,
			);
			name = Frameworks;
			sourceTree = "<group>";
		};
		CC7D41362359A8D000BC57D7 /* Products */ = {
			isa = PBXGroup;
			children = (
				CC7D413A2359A8D000BC57D7 /* AppCore.framework */,
			);
			name = Products;
			sourceTree = "<group>";
		};
/* End PBXGroup section */

/* Begin PBXHeadersBuildPhase section */
		CC7D41122359A82100BC57D7 /* Headers */ = {
			isa = PBXHeadersBuildPhase;
			buildActionMask = 2147483647;
			files = (
				CC7D411C2359A82100BC57D7 /* ModuleTargets.h in Headers */,
			);
			runOnlyForDeploymentPostprocessing = 0;
		};
/* End PBXHeadersBuildPhase section */

/* Begin PBXNativeTarget section */
		CC7D41162359A82100BC57D7 /* Router */ = {
			isa = PBXNativeTarget;
			buildConfigurationList = CC7D411F2359A82100BC57D7 /* Build configuration list for PBXNativeTarget "Router" */;
			buildPhases = (
				CC7D41122359A82100BC57D7 /* Headers */,
				CC7D41132359A82100BC57D7 /* Sources */,
				CC7D41142359A82100BC57D7 /* Frameworks */,
				CC7D41152359A82100BC57D7 /* Resources */,
			);
			buildRules = (
			);
			dependencies = (
			);
			name = Router;
			productName = ModuleTargets;
			productReference = CC7D41172359A82100BC57D7 /* Router.framework */;
			productType = "com.apple.product-type.framework";
		};
/* End PBXNativeTarget section */

/* Begin PBXProject section */
		CC7D410E2359A82100BC57D7 /* Project object */ = {
			isa = PBXProject;
			attributes = {
				LastUpgradeCheck = 1010;
				ORGANIZATIONNAME = zhihao.lv;
				TargetAttributes = {
					CC7D41162359A82100BC57D7 = {
						CreatedOnToolsVersion = 10.1;
					};
				};
			};
			buildConfigurationList = CC7D41112359A82100BC57D7 /* Build configuration list for PBXProject "Router" */;
			compatibilityVersion = "Xcode 9.3";
			developmentRegion = en;
			hasScannedForEncodings = 0;
			knownRegions = (
				en,
			);
			mainGroup = CC7D410D2359A82100BC57D7;
			productRefGroup = CC7D41182359A82100BC57D7 /* Products */;
			projectDirPath = "";
			projectReferences = (
				{
					ProductGroup = CC7D41362359A8D000BC57D7 /* Products */;
					ProjectRef = CC7D41352359A8D000BC57D7 /* AppCore.xcodeproj */;
				},
			);
			projectRoot = "";
			targets = (
				CC7D41162359A82100BC57D7 /* Router */,
			);
		};
/* End PBXProject section */

/* Begin PBXReferenceProxy section */
		CC7D413A2359A8D000BC57D7 /* AppCore.framework */ = {
			isa = PBXReferenceProxy;
			fileType = wrapper.framework;
			path = AppCore.framework;
			remoteRef = CC7D41392359A8D000BC57D7 /* PBXContainerItemProxy */;
			sourceTree = BUILT_PRODUCTS_DIR;
		};
/* End PBXReferenceProxy section */

/* Begin PBXResourcesBuildPhase section */
		CC7D41152359A82100BC57D7 /* Resources */ = {
			isa = PBXResourcesBuildPhase;
			buildActionMask = 2147483647;
			files = (
			);
			runOnlyForDeploymentPostprocessing = 0;
		};
/* End PBXResourcesBuildPhase section */

/* Begin PBXSourcesBuildPhase section */
		CC7D41132359A82100BC57D7 /* Sources */ = {
			isa = PBXSourcesBuildPhase;
			buildActionMask = 2147483647;
			files = (
				CC7D41312359A8A200BC57D7 /* MMBMouduleDestinationType.swift in Sources */,
				CC7D41332359A8A200BC57D7 /* OLCIMouduleDestinationType.swift in Sources */,
				CC56FB55239F4D08004FF1D6 /* MainModuleDestinationType.swift in Sources */,
			);
			runOnlyForDeploymentPostprocessing = 0;
		};
/* End PBXSourcesBuildPhase section */

/* Begin XCBuildConfiguration section */
		CC7D411D2359A82100BC57D7 /* Debug */ = {
			isa = XCBuildConfiguration;
			buildSettings = {
				ALWAYS_SEARCH_USER_PATHS = NO;
				CLANG_ANALYZER_NONNULL = YES;
				CLANG_ANALYZER_NUMBER_OBJECT_CONVERSION = YES_AGGRESSIVE;
				CLANG_CXX_LANGUAGE_STANDARD = "gnu++14";
				CLANG_CXX_LIBRARY = "libc++";
				CLANG_ENABLE_MODULES = YES;
				CLANG_ENABLE_OBJC_ARC = YES;
				CLANG_ENABLE_OBJC_WEAK = YES;
				CLANG_WARN_BLOCK_CAPTURE_AUTORELEASING = YES;
				CLANG_WARN_BOOL_CONVERSION = YES;
				CLANG_WARN_COMMA = YES;
				CLANG_WARN_CONSTANT_CONVERSION = YES;
				CLANG_WARN_DEPRECATED_OBJC_IMPLEMENTATIONS = YES;
				CLANG_WARN_DIRECT_OBJC_ISA_USAGE = YES_ERROR;
				CLANG_WARN_DOCUMENTATION_COMMENTS = YES;
				CLANG_WARN_EMPTY_BODY = YES;
				CLANG_WARN_ENUM_CONVERSION = YES;
				CLANG_WARN_INFINITE_RECURSION = YES;
				CLANG_WARN_INT_CONVERSION = YES;
				CLANG_WARN_NON_LITERAL_NULL_CONVERSION = YES;
				CLANG_WARN_OBJC_IMPLICIT_RETAIN_SELF = YES;
				CLANG_WARN_OBJC_LITERAL_CONVERSION = YES;
				CLANG_WARN_OBJC_ROOT_CLASS = YES_ERROR;
				CLANG_WARN_RANGE_LOOP_ANALYSIS = YES;
				CLANG_WARN_STRICT_PROTOTYPES = YES;
				CLANG_WARN_SUSPICIOUS_MOVE = YES;
				CLANG_WARN_UNGUARDED_AVAILABILITY = YES_AGGRESSIVE;
				CLANG_WARN_UNREACHABLE_CODE = YES;
				CLANG_WARN__DUPLICATE_METHOD_MATCH = YES;
				CODE_SIGN_IDENTITY = "iPhone Developer";
				COPY_PHASE_STRIP = NO;
				CURRENT_PROJECT_VERSION = 1;
				DEBUG_INFORMATION_FORMAT = dwarf;
				ENABLE_STRICT_OBJC_MSGSEND = YES;
				ENABLE_TESTABILITY = YES;
				GCC_C_LANGUAGE_STANDARD = gnu11;
				GCC_DYNAMIC_NO_PIC = NO;
				GCC_NO_COMMON_BLOCKS = YES;
				GCC_OPTIMIZATION_LEVEL = 0;
				GCC_PREPROCESSOR_DEFINITIONS = (
					"DEBUG=1",
					"$(inherited)",
				);
				GCC_WARN_64_TO_32_BIT_CONVERSION = YES;
				GCC_WARN_ABOUT_RETURN_TYPE = YES_ERROR;
				GCC_WARN_UNDECLARED_SELECTOR = YES;
				GCC_WARN_UNINITIALIZED_AUTOS = YES_AGGRESSIVE;
				GCC_WARN_UNUSED_FUNCTION = YES;
				GCC_WARN_UNUSED_VARIABLE = YES;
				IPHONEOS_DEPLOYMENT_TARGET = 12.1;
				MTL_ENABLE_DEBUG_INFO = INCLUDE_SOURCE;
				MTL_FAST_MATH = YES;
				ONLY_ACTIVE_ARCH = YES;
				SDKROOT = iphoneos;
				SWIFT_ACTIVE_COMPILATION_CONDITIONS = DEBUG;
				SWIFT_OPTIMIZATION_LEVEL = "-Onone";
				VERSIONING_SYSTEM = "apple-generic";
				VERSION_INFO_PREFIX = "";
			};
			name = Debug;
		};
		CC7D411E2359A82100BC57D7 /* Release */ = {
			isa = XCBuildConfiguration;
			buildSettings = {
				ALWAYS_SEARCH_USER_PATHS = NO;
				CLANG_ANALYZER_NONNULL = YES;
				CLANG_ANALYZER_NUMBER_OBJECT_CONVERSION = YES_AGGRESSIVE;
				CLANG_CXX_LANGUAGE_STANDARD = "gnu++14";
				CLANG_CXX_LIBRARY = "libc++";
				CLANG_ENABLE_MODULES = YES;
				CLANG_ENABLE_OBJC_ARC = YES;
				CLANG_ENABLE_OBJC_WEAK = YES;
				CLANG_WARN_BLOCK_CAPTURE_AUTORELEASING = YES;
				CLANG_WARN_BOOL_CONVERSION = YES;
				CLANG_WARN_COMMA = YES;
				CLANG_WARN_CONSTANT_CONVERSION = YES;
				CLANG_WARN_DEPRECATED_OBJC_IMPLEMENTATIONS = YES;
				CLANG_WARN_DIRECT_OBJC_ISA_USAGE = YES_ERROR;
				CLANG_WARN_DOCUMENTATION_COMMENTS = YES;
				CLANG_WARN_EMPTY_BODY = YES;
				CLANG_WARN_ENUM_CONVERSION = YES;
				CLANG_WARN_INFINITE_RECURSION = YES;
				CLANG_WARN_INT_CONVERSION = YES;
				CLANG_WARN_NON_LITERAL_NULL_CONVERSION = YES;
				CLANG_WARN_OBJC_IMPLICIT_RETAIN_SELF = YES;
				CLANG_WARN_OBJC_LITERAL_CONVERSION = YES;
				CLANG_WARN_OBJC_ROOT_CLASS = YES_ERROR;
				CLANG_WARN_RANGE_LOOP_ANALYSIS = YES;
				CLANG_WARN_STRICT_PROTOTYPES = YES;
				CLANG_WARN_SUSPICIOUS_MOVE = YES;
				CLANG_WARN_UNGUARDED_AVAILABILITY = YES_AGGRESSIVE;
				CLANG_WARN_UNREACHABLE_CODE = YES;
				CLANG_WARN__DUPLICATE_METHOD_MATCH = YES;
				CODE_SIGN_IDENTITY = "iPhone Developer";
				COPY_PHASE_STRIP = NO;
				CURRENT_PROJECT_VERSION = 1;
				DEBUG_INFORMATION_FORMAT = "dwarf-with-dsym";
				ENABLE_NS_ASSERTIONS = NO;
				ENABLE_STRICT_OBJC_MSGSEND = YES;
				GCC_C_LANGUAGE_STANDARD = gnu11;
				GCC_NO_COMMON_BLOCKS = YES;
				GCC_WARN_64_TO_32_BIT_CONVERSION = YES;
				GCC_WARN_ABOUT_RETURN_TYPE = YES_ERROR;
				GCC_WARN_UNDECLARED_SELECTOR = YES;
				GCC_WARN_UNINITIALIZED_AUTOS = YES_AGGRESSIVE;
				GCC_WARN_UNUSED_FUNCTION = YES;
				GCC_WARN_UNUSED_VARIABLE = YES;
				IPHONEOS_DEPLOYMENT_TARGET = 12.1;
				MTL_ENABLE_DEBUG_INFO = NO;
				MTL_FAST_MATH = YES;
				SDKROOT = iphoneos;
				SWIFT_COMPILATION_MODE = wholemodule;
				SWIFT_OPTIMIZATION_LEVEL = "-O";
				VALIDATE_PRODUCT = YES;
				VERSIONING_SYSTEM = "apple-generic";
				VERSION_INFO_PREFIX = "";
			};
			name = Release;
		};
		CC7D41202359A82100BC57D7 /* Debug */ = {
			isa = XCBuildConfiguration;
			buildSettings = {
				CODE_SIGN_IDENTITY = "";
				CODE_SIGN_STYLE = Automatic;
				DEFINES_MODULE = YES;
				DYLIB_COMPATIBILITY_VERSION = 1;
				DYLIB_CURRENT_VERSION = 1;
				DYLIB_INSTALL_NAME_BASE = "@rpath";
				INFOPLIST_FILE = "$(SRCROOT)/Router/Info.plist";
				INSTALL_PATH = "$(LOCAL_LIBRARY_DIR)/Frameworks";
				LD_RUNPATH_SEARCH_PATHS = (
					"$(inherited)",
					"@executable_path/Frameworks",
					"@loader_path/Frameworks",
				);
				PRODUCT_BUNDLE_IDENTIFIER = zhihao.lv.ModuleTargets;
				PRODUCT_NAME = "$(TARGET_NAME:c99extidentifier)";
				SKIP_INSTALL = YES;
				SWIFT_VERSION = 4.2;
				TARGETED_DEVICE_FAMILY = "1,2";
			};
			name = Debug;
		};
		CC7D41212359A82100BC57D7 /* Release */ = {
			isa = XCBuildConfiguration;
			buildSettings = {
				CODE_SIGN_IDENTITY = "";
				CODE_SIGN_STYLE = Automatic;
				DEFINES_MODULE = YES;
				DYLIB_COMPATIBILITY_VERSION = 1;
				DYLIB_CURRENT_VERSION = 1;
				DYLIB_INSTALL_NAME_BASE = "@rpath";
				INFOPLIST_FILE = "$(SRCROOT)/Router/Info.plist";
				INSTALL_PATH = "$(LOCAL_LIBRARY_DIR)/Frameworks";
				LD_RUNPATH_SEARCH_PATHS = (
					"$(inherited)",
					"@executable_path/Frameworks",
					"@loader_path/Frameworks",
				);
				PRODUCT_BUNDLE_IDENTIFIER = zhihao.lv.ModuleTargets;
				PRODUCT_NAME = "$(TARGET_NAME:c99extidentifier)";
				SKIP_INSTALL = YES;
				SWIFT_VERSION = 4.2;
				TARGETED_DEVICE_FAMILY = "1,2";
			};
			name = Release;
		};
/* End XCBuildConfiguration section */

/* Begin XCConfigurationList section */
		CC7D41112359A82100BC57D7 /* Build configuration list for PBXProject "Router" */ = {
			isa = XCConfigurationList;
			buildConfigurations = (
				CC7D411D2359A82100BC57D7 /* Debug */,
				CC7D411E2359A82100BC57D7 /* Release */,
			);
			defaultConfigurationIsVisible = 0;
			defaultConfigurationName = Release;
		};
		CC7D411F2359A82100BC57D7 /* Build configuration list for PBXNativeTarget "Router" */ = {
			isa = XCConfigurationList;
			buildConfigurations = (
				CC7D41202359A82100BC57D7 /* Debug */,
				CC7D41212359A82100BC57D7 /* Release */,
			);
			defaultConfigurationIsVisible = 0;
			defaultConfigurationName = Release;
		};
/* End XCConfigurationList section */
	};
	rootObject = CC7D410E2359A82100BC57D7 /* Project object */;
}
